// !$*UTF8*$!
{
	archiveVersion = 1;
	classes = {
	};
	objectVersion = 50;
	objects = {

/* Begin PBXBuildFile section */
		DC42C3A42165F00300E1B46C /* AppDelegate.swift in Sources */ = {isa = PBXBuildFile; fileRef = DC42C3A32165F00300E1B46C /* AppDelegate.swift */; };
		DC42C3A62165F00300E1B46C /* ViewController.swift in Sources */ = {isa = PBXBuildFile; fileRef = DC42C3A52165F00300E1B46C /* ViewController.swift */; };
		DC42C3A92165F00300E1B46C /* Main.storyboard in Resources */ = {isa = PBXBuildFile; fileRef = DC42C3A72165F00300E1B46C /* Main.storyboard */; };
		DC42C3AB2165F00400E1B46C /* Assets.xcassets in Resources */ = {isa = PBXBuildFile; fileRef = DC42C3AA2165F00400E1B46C /* Assets.xcassets */; };
		DC42C3AE2165F00400E1B46C /* LaunchScreen.storyboard in Resources */ = {isa = PBXBuildFile; fileRef = DC42C3AC2165F00400E1B46C /* LaunchScreen.storyboard */; };
/* End PBXBuildFile section */

/* Begin PBXFileReference section */
		DC42C3A02165F00300E1B46C /* ComplexTableView.app */ = {isa = PBXFileReference; explicitFileType = wrapper.application; includeInIndex = 0; path = ComplexTableView.app; sourceTree = BUILT_PRODUCTS_DIR; };
		DC42C3A32165F00300E1B46C /* AppDelegate.swift */ = {isa = PBXFileReference; lastKnownFileType = sourcecode.swift; path = AppDelegate.swift; sourceTree = "<group>"; };
		DC42C3A52165F00300E1B46C /* ViewController.swift */ = {isa = PBXFileReference; lastKnownFileType = sourcecode.swift; path = ViewController.swift; sourceTree = "<group>"; };
		DC42C3A82165F00300E1B46C /* Base */ = {isa = PBXFileReference; lastKnownFileType = file.storyboard; name = Base; path = Base.lproj/Main.storyboard; sourceTree = "<group>"; };
		DC42C3AA2165F00400E1B46C /* Assets.xcassets */ = {isa = PBXFileReference; lastKnownFileType = folder.assetcatalog; path = Assets.xcassets; sourceTree = "<group>"; };
		DC42C3AD2165F00400E1B46C /* Base */ = {isa = PBXFileReference; lastKnownFileType = file.storyboard; name = Base; path = Base.lproj/LaunchScreen.storyboard; sourceTree = "<group>"; };
		DC42C3AF2165F00400E1B46C /* Info.plist */ = {isa = PBXFileReference; lastKnownFileType = text.plist.xml; path = Info.plist; sourceTree = "<group>"; };
/* End PBXFileReference section */

/* Begin PBXFrameworksBuildPhase section */
		DC42C39D2165F00300E1B46C /* Frameworks */ = {
			isa = PBXFrameworksBuildPhase;
			buildActionMask = 2147483647;
			files = (
			);
			runOnlyForDeploymentPostprocessing = 0;
		};
/* End PBXFrameworksBuildPhase section */

/* Begin PBXGroup section */
		DC42C3972165F00300E1B46C = {
			isa = PBXGroup;
			children = (
				DC42C3A22165F00300E1B46C /* ComplexTableView */,
				DC42C3A12165F00300E1B46C /* Products */,
			);
			sourceTree = "<group>";
		};
		DC42C3A12165F00300E1B46C /* Products */ = {
			isa = PBXGroup;
			children = (
				DC42C3A02165F00300E1B46C /* ComplexTableView.app */,
			);
			name = Products;
			sourceTree = "<group>";
		};
		DC42C3A22165F00300E1B46C /* ComplexTableView */ = {
			isa = PBXGroup;
			children = (
				DC42C3B52165F06B00E1B46C /* Supporting files */,
				DC42C3B82165F0C100E1B46C /* Storyboards */,
				DC42C3B72165F0B700E1B46C /* Models */,
				DC42C3BA2165F0D500E1B46C /* Resources */,
				DC42C3B62165F0A000E1B46C /* ViewControllers */,
			);
			path = ComplexTableView;
			sourceTree = "<group>";
		};
		DC42C3B52165F06B00E1B46C /* Supporting files */ = {
			isa = PBXGroup;
			children = (
				DC42C3A32165F00300E1B46C /* AppDelegate.swift */,
			);
			path = "Supporting files";
			sourceTree = "<group>";
		};
		DC42C3B62165F0A000E1B46C /* ViewControllers */ = {
			isa = PBXGroup;
			children = (
				DC42C3A52165F00300E1B46C /* ViewController.swift */,
			);
			path = ViewControllers;
			sourceTree = "<group>";
		};
		DC42C3B72165F0B700E1B46C /* Models */ = {
			isa = PBXGroup;
			children = (
			);
			path = Models;
			sourceTree = "<group>";
		};
		DC42C3B82165F0C100E1B46C /* Storyboards */ = {
			isa = PBXGroup;
			children = (
				DC42C3AC2165F00400E1B46C /* LaunchScreen.storyboard */,
				DC42C3A72165F00300E1B46C /* Main.storyboard */,
			);
			path = Storyboards;
			sourceTree = "<group>";
		};
		DC42C3BA2165F0D500E1B46C /* Resources */ = {
			isa = PBXGroup;
			children = (
				DC42C3AF2165F00400E1B46C /* Info.plist */,
				DC42C3AA2165F00400E1B46C /* Assets.xcassets */,
			);
			path = Resources;
			sourceTree = "<group>";
		};
/* End PBXGroup section */

/* Begin PBXNativeTarget section */
		DC42C39F2165F00300E1B46C /* ComplexTableView */ = {
			isa = PBXNativeTarget;
			buildConfigurationList = DC42C3B22165F00400E1B46C /* Build configuration list for PBXNativeTarget "ComplexTableView" */;
			buildPhases = (
				DC42C39C2165F00300E1B46C /* Sources */,
				DC42C39D2165F00300E1B46C /* Frameworks */,
				DC42C39E2165F00300E1B46C /* Resources */,
			);
			buildRules = (
			);
			dependencies = (
			);
			name = ComplexTableView;
			productName = ComplexTableView;
			productReference = DC42C3A02165F00300E1B46C /* ComplexTableView.app */;
			productType = "com.apple.product-type.application";
		};
/* End PBXNativeTarget section */

/* Begin PBXProject section */
		DC42C3982165F00300E1B46C /* Project object */ = {
			isa = PBXProject;
			attributes = {
				LastSwiftUpdateCheck = 1000;
				LastUpgradeCheck = 1000;
				ORGANIZATIONNAME = "Alina Zaitseva";
				TargetAttributes = {
					DC42C39F2165F00300E1B46C = {
						CreatedOnToolsVersion = 10.0;
					};
				};
			};
			buildConfigurationList = DC42C39B2165F00300E1B46C /* Build configuration list for PBXProject "ComplexTableView" */;
			compatibilityVersion = "Xcode 9.3";
			developmentRegion = en;
			hasScannedForEncodings = 0;
			knownRegions = (
				en,
				Base,
			);
			mainGroup = DC42C3972165F00300E1B46C;
			productRefGroup = DC42C3A12165F00300E1B46C /* Products */;
			projectDirPath = "";
			projectRoot = "";
			targets = (
				DC42C39F2165F00300E1B46C /* ComplexTableView */,
			);
		};
/* End PBXProject section */

/* Begin PBXResourcesBuildPhase section */
		DC42C39E2165F00300E1B46C /* Resources */ = {
			isa = PBXResourcesBuildPhase;
			buildActionMask = 2147483647;
			files = (
				DC42C3AE2165F00400E1B46C /* LaunchScreen.storyboard in Resources */,
				DC42C3AB2165F00400E1B46C /* Assets.xcassets in Resources */,
				DC42C3A92165F00300E1B46C /* Main.storyboard in Resources */,
			);
			runOnlyForDeploymentPostprocessing = 0;
		};
/* End PBXResourcesBuildPhase section */

/* Begin PBXSourcesBuildPhase section */
		DC42C39C2165F00300E1B46C /* Sources */ = {
			isa = PBXSourcesBuildPhase;
			buildActionMask = 2147483647;
			files = (
				DC42C3A62165F00300E1B46C /* ViewController.swift in Sources */,
				DC42C3A42165F00300E1B46C /* AppDelegate.swift in Sources */,
			);
			runOnlyForDeploymentPostprocessing = 0;
		};
/* End PBXSourcesBuildPhase section */

/* Begin PBXVariantGroup section */
		DC42C3A72165F00300E1B46C /* Main.storyboard */ = {
			isa = PBXVariantGroup;
			children = (
				DC42C3A82165F00300E1B46C /* Base */,
			);
			name = Main.storyboard;
			sourceTree = "<group>";
		};
		DC42C3AC2165F00400E1B46C /* LaunchScreen.storyboard */ = {
			isa = PBXVariantGroup;
			children = (
				DC42C3AD2165F00400E1B46C /* Base */,
			);
			name = LaunchScreen.storyboard;
			sourceTree = "<group>";
		};
/* End PBXVariantGroup section */

/* Begin XCBuildConfiguration section */
		DC42C3B02165F00400E1B46C /* Debug */ = {
			isa = XCBuildConfiguration;
			buildSettings = {
				ALWAYS_SEARCH_USER_PATHS = NO;
				CLANG_ANALYZER_NONNULL = YES;
				CLANG_ANALYZER_NUMBER_OBJECT_CONVERSION = YES_AGGRESSIVE;
				CLANG_CXX_LANGUAGE_STANDARD = "gnu++14";
				CLANG_CXX_LIBRARY = "libc++";
				CLANG_ENABLE_MODULES = YES;
				CLANG_ENABLE_OBJC_ARC = YES;
				CLANG_ENABLE_OBJC_WEAK = YES;
				CLANG_WARN_BLOCK_CAPTURE_AUTORELEASING = YES;
				CLANG_WARN_BOOL_CONVERSION = YES;
				CLANG_WARN_COMMA = YES;
				CLANG_WARN_CONSTANT_CONVERSION = YES;
				CLANG_WARN_DEPRECATED_OBJC_IMPLEMENTATIONS = YES;
				CLANG_WARN_DIRECT_OBJC_ISA_USAGE = YES_ERROR;
				CLANG_WARN_DOCUMENTATION_COMMENTS = YES;
				CLANG_WARN_EMPTY_BODY = YES;
				CLANG_WARN_ENUM_CONVERSION = YES;
				CLANG_WARN_INFINITE_RECURSION = YES;
				CLANG_WARN_INT_CONVERSION = YES;
				CLANG_WARN_NON_LITERAL_NULL_CONVERSION = YES;
				CLANG_WARN_OBJC_IMPLICIT_RETAIN_SELF = YES;
				CLANG_WARN_OBJC_LITERAL_CONVERSION = YES;
				CLANG_WARN_OBJC_ROOT_CLASS = YES_ERROR;
				CLANG_WARN_RANGE_LOOP_ANALYSIS = YES;
				CLANG_WARN_STRICT_PROTOTYPES = YES;
				CLANG_WARN_SUSPICIOUS_MOVE = YES;
				CLANG_WARN_UNGUARDED_AVAILABILITY = YES_AGGRESSIVE;
				CLANG_WARN_UNREACHABLE_CODE = YES;
				CLANG_WARN__DUPLICATE_METHOD_MATCH = YES;
				CODE_SIGN_IDENTITY = "iPhone Developer";
				COPY_PHASE_STRIP = NO;
				DEBUG_INFORMATION_FORMAT = dwarf;
				ENABLE_STRICT_OBJC_MSGSEND = YES;
				ENABLE_TESTABILITY = YES;
				GCC_C_LANGUAGE_STANDARD = gnu11;
				GCC_DYNAMIC_NO_PIC = NO;
				GCC_NO_COMMON_BLOCKS = YES;
				GCC_OPTIMIZATION_LEVEL = 0;
				GCC_PREPROCESSOR_DEFINITIONS = (
					"DEBUG=1",
					"$(inherited)",
				);
				GCC_WARN_64_TO_32_BIT_CONVERSION = YES;
				GCC_WARN_ABOUT_RETURN_TYPE = YES_ERROR;
				GCC_WARN_UNDECLARED_SELECTOR = YES;
				GCC_WARN_UNINITIALIZED_AUTOS = YES_AGGRESSIVE;
				GCC_WARN_UNUSED_FUNCTION = YES;
				GCC_WARN_UNUSED_VARIABLE = YES;
				IPHONEOS_DEPLOYMENT_TARGET = 12.0;
				MTL_ENABLE_DEBUG_INFO = INCLUDE_SOURCE;
				MTL_FAST_MATH = YES;
				ONLY_ACTIVE_ARCH = YES;
				SDKROOT = iphoneos;
				SWIFT_ACTIVE_COMPILATION_CONDITIONS = DEBUG;
				SWIFT_OPTIMIZATION_LEVEL = "-Onone";
			};
			name = Debug;
		};
		DC42C3B12165F00400E1B46C /* Release */ = {
			isa = XCBuildConfiguration;
			buildSettings = {
				ALWAYS_SEARCH_USER_PATHS = NO;
				CLANG_ANALYZER_NONNULL = YES;
				CLANG_ANALYZER_NUMBER_OBJECT_CONVERSION = YES_AGGRESSIVE;
				CLANG_CXX_LANGUAGE_STANDARD = "gnu++14";
				CLANG_CXX_LIBRARY = "libc++";
				CLANG_ENABLE_MODULES = YES;
				CLANG_ENABLE_OBJC_ARC = YES;
				CLANG_ENABLE_OBJC_WEAK = YES;
				CLANG_WARN_BLOCK_CAPTURE_AUTORELEASING = YES;
				CLANG_WARN_BOOL_CONVERSION = YES;
				CLANG_WARN_COMMA = YES;
				CLANG_WARN_CONSTANT_CONVERSION = YES;
				CLANG_WARN_DEPRECATED_OBJC_IMPLEMENTATIONS = YES;
				CLANG_WARN_DIRECT_OBJC_ISA_USAGE = YES_ERROR;
				CLANG_WARN_DOCUMENTATION_COMMENTS = YES;
				CLANG_WARN_EMPTY_BODY = YES;
				CLANG_WARN_ENUM_CONVERSION = YES;
				CLANG_WARN_INFINITE_RECURSION = YES;
				CLANG_WARN_INT_CONVERSION = YES;
				CLANG_WARN_NON_LITERAL_NULL_CONVERSION = YES;
				CLANG_WARN_OBJC_IMPLICIT_RETAIN_SELF = YES;
				CLANG_WARN_OBJC_LITERAL_CONVERSION = YES;
				CLANG_WARN_OBJC_ROOT_CLASS = YES_ERROR;
				CLANG_WARN_RANGE_LOOP_ANALYSIS = YES;
				CLANG_WARN_STRICT_PROTOTYPES = YES;
				CLANG_WARN_SUSPICIOUS_MOVE = YES;
				CLANG_WARN_UNGUARDED_AVAILABILITY = YES_AGGRESSIVE;
				CLANG_WARN_UNREACHABLE_CODE = YES;
				CLANG_WARN__DUPLICATE_METHOD_MATCH = YES;
				CODE_SIGN_IDENTITY = "iPhone Developer";
				COPY_PHASE_STRIP = NO;
				DEBUG_INFORMATION_FORMAT = "dwarf-with-dsym";
				ENABLE_NS_ASSERTIONS = NO;
				ENABLE_STRICT_OBJC_MSGSEND = YES;
				GCC_C_LANGUAGE_STANDARD = gnu11;
				GCC_NO_COMMON_BLOCKS = YES;
				GCC_WARN_64_TO_32_BIT_CONVERSION = YES;
				GCC_WARN_ABOUT_RETURN_TYPE = YES_ERROR;
				GCC_WARN_UNDECLARED_SELECTOR = YES;
				GCC_WARN_UNINITIALIZED_AUTOS = YES_AGGRESSIVE;
				GCC_WARN_UNUSED_FUNCTION = YES;
				GCC_WARN_UNUSED_VARIABLE = YES;
				IPHONEOS_DEPLOYMENT_TARGET = 12.0;
				MTL_ENABLE_DEBUG_INFO = NO;
				MTL_FAST_MATH = YES;
				SDKROOT = iphoneos;
				SWIFT_COMPILATION_MODE = wholemodule;
				SWIFT_OPTIMIZATION_LEVEL = "-O";
				VALIDATE_PRODUCT = YES;
			};
			name = Release;
		};
		DC42C3B32165F00400E1B46C /* Debug */ = {
			isa = XCBuildConfiguration;
			buildSettings = {
				ASSETCATALOG_COMPILER_APPICON_NAME = AppIcon;
				CODE_SIGN_STYLE = Automatic;
				INFOPLIST_FILE = ComplexTableView/Resources/Info.plist;
				LD_RUNPATH_SEARCH_PATHS = (
					"$(inherited)",
					"@executable_path/Frameworks",
				);
				PRODUCT_BUNDLE_IDENTIFIER = steelkiwi.ComplexTableView;
				PRODUCT_NAME = "$(TARGET_NAME)";
				SWIFT_VERSION = 4.2;
				TARGETED_DEVICE_FAMILY = "1,2";
			};
			name = Debug;
		};
		DC42C3B42165F00400E1B46C /* Release */ = {
			isa = XCBuildConfiguration;
			buildSettings = {
				ASSETCATALOG_COMPILER_APPICON_NAME = AppIcon;
				CODE_SIGN_STYLE = Automatic;
				INFOPLIST_FILE = ComplexTableView/Resources/Info.plist;
				LD_RUNPATH_SEARCH_PATHS = (
					"$(inherited)",
					"@executable_path/Frameworks",
				);
				PRODUCT_BUNDLE_IDENTIFIER = steelkiwi.ComplexTableView;
				PRODUCT_NAME = "$(TARGET_NAME)";
				SWIFT_VERSION = 4.2;
				TARGETED_DEVICE_FAMILY = "1,2";
			};
			name = Release;
		};
/* End XCBuildConfiguration section */

/* Begin XCConfigurationList section */
		DC42C39B2165F00300E1B46C /* Build configuration list for PBXProject "ComplexTableView" */ = {
			isa = XCConfigurationList;
			buildConfigurations = (
				DC42C3B02165F00400E1B46C /* Debug */,
				DC42C3B12165F00400E1B46C /* Release */,
			);
			defaultConfigurationIsVisible = 0;
			defaultConfigurationName = Release;
		};
		DC42C3B22165F00400E1B46C /* Build configuration list for PBXNativeTarget "ComplexTableView" */ = {
			isa = XCConfigurationList;
			buildConfigurations = (
				DC42C3B32165F00400E1B46C /* Debug */,
				DC42C3B42165F00400E1B46C /* Release */,
			);
			defaultConfigurationIsVisible = 0;
			defaultConfigurationName = Release;
		};
/* End XCConfigurationList section */
	};
	rootObject = DC42C3982165F00300E1B46C /* Project object */;
}
